// !$*UTF8*$!
{
	archiveVersion = 1;
	classes = {
	};
	objectVersion = 56;
	objects = {

/* Begin PBXBuildFile section */
		823DCBEC2AB331F700C03EBA /* SwiftUIThingsILikeApp.swift in Sources */ = {isa = PBXBuildFile; fileRef = 823DCBEB2AB331F700C03EBA /* SwiftUIThingsILikeApp.swift */; };
		823DCBF02AB331F700C03EBA /* Assets.xcassets in Resources */ = {isa = PBXBuildFile; fileRef = 823DCBEF2AB331F700C03EBA /* Assets.xcassets */; };
		823DCBF32AB331F700C03EBA /* Preview Assets.xcassets in Resources */ = {isa = PBXBuildFile; fileRef = 823DCBF22AB331F700C03EBA /* Preview Assets.xcassets */; };
		823DCBFC2AB337F300C03EBA /* TabBarCoordinator.swift in Sources */ = {isa = PBXBuildFile; fileRef = 823DCBFB2AB337F300C03EBA /* TabBarCoordinator.swift */; };
		823DCBFE2AB33B4D00C03EBA /* TabBarCoordinatorType.swift in Sources */ = {isa = PBXBuildFile; fileRef = 823DCBFD2AB33B4D00C03EBA /* TabBarCoordinatorType.swift */; };
		823DCC002AB33C6800C03EBA /* TabBarViewFactory.swift in Sources */ = {isa = PBXBuildFile; fileRef = 823DCBFF2AB33C6800C03EBA /* TabBarViewFactory.swift */; };
		823DCC052AB33F2000C03EBA /* TopicViewFactory.swift in Sources */ = {isa = PBXBuildFile; fileRef = 823DCC042AB33F2000C03EBA /* TopicViewFactory.swift */; };
		823DCC072AB33F3700C03EBA /* TopicView.swift in Sources */ = {isa = PBXBuildFile; fileRef = 823DCC062AB33F3700C03EBA /* TopicView.swift */; };
		823DCC092AB33F4700C03EBA /* Topic.swift in Sources */ = {isa = PBXBuildFile; fileRef = 823DCC082AB33F4700C03EBA /* Topic.swift */; };
		823DCC0C2AB3413200C03EBA /* AppDelegate.swift in Sources */ = {isa = PBXBuildFile; fileRef = 823DCC0B2AB3413200C03EBA /* AppDelegate.swift */; };
		823DCC0E2AB3414800C03EBA /* SceneDelegate.swift in Sources */ = {isa = PBXBuildFile; fileRef = 823DCC0D2AB3414800C03EBA /* SceneDelegate.swift */; };
		823DCC112AB3842700C03EBA /* RouterType.swift in Sources */ = {isa = PBXBuildFile; fileRef = 823DCC102AB3842700C03EBA /* RouterType.swift */; };
		823DCC132AB3844000C03EBA /* TabBarRouter.swift in Sources */ = {isa = PBXBuildFile; fileRef = 823DCC122AB3844000C03EBA /* TabBarRouter.swift */; };
		823DCC192AB3891A00C03EBA /* CoordinatorType.swift in Sources */ = {isa = PBXBuildFile; fileRef = 823DCC182AB3891A00C03EBA /* CoordinatorType.swift */; };
		823DCC1B2AB3893700C03EBA /* AppCoordinator.swift in Sources */ = {isa = PBXBuildFile; fileRef = 823DCC1A2AB3893700C03EBA /* AppCoordinator.swift */; };
		823DCC1D2AB389E100C03EBA /* TabBarViewFactoryType.swift in Sources */ = {isa = PBXBuildFile; fileRef = 823DCC1C2AB389E100C03EBA /* TabBarViewFactoryType.swift */; };
		823DCC202AB3906C00C03EBA /* CoordinatorManager.swift in Sources */ = {isa = PBXBuildFile; fileRef = 823DCC1F2AB3906C00C03EBA /* CoordinatorManager.swift */; };
/* End PBXBuildFile section */

/* Begin PBXFileReference section */
		823DCBE82AB331F700C03EBA /* SwiftUIThingsILike.app */ = {isa = PBXFileReference; explicitFileType = wrapper.application; includeInIndex = 0; path = SwiftUIThingsILike.app; sourceTree = BUILT_PRODUCTS_DIR; };
		823DCBEB2AB331F700C03EBA /* SwiftUIThingsILikeApp.swift */ = {isa = PBXFileReference; lastKnownFileType = sourcecode.swift; path = SwiftUIThingsILikeApp.swift; sourceTree = "<group>"; };
		823DCBEF2AB331F700C03EBA /* Assets.xcassets */ = {isa = PBXFileReference; lastKnownFileType = folder.assetcatalog; path = Assets.xcassets; sourceTree = "<group>"; };
		823DCBF22AB331F700C03EBA /* Preview Assets.xcassets */ = {isa = PBXFileReference; lastKnownFileType = folder.assetcatalog; path = "Preview Assets.xcassets"; sourceTree = "<group>"; };
		823DCBFB2AB337F300C03EBA /* TabBarCoordinator.swift */ = {isa = PBXFileReference; lastKnownFileType = sourcecode.swift; path = TabBarCoordinator.swift; sourceTree = "<group>"; };
		823DCBFD2AB33B4D00C03EBA /* TabBarCoordinatorType.swift */ = {isa = PBXFileReference; lastKnownFileType = sourcecode.swift; path = TabBarCoordinatorType.swift; sourceTree = "<group>"; };
		823DCBFF2AB33C6800C03EBA /* TabBarViewFactory.swift */ = {isa = PBXFileReference; lastKnownFileType = sourcecode.swift; path = TabBarViewFactory.swift; sourceTree = "<group>"; };
		823DCC042AB33F2000C03EBA /* TopicViewFactory.swift */ = {isa = PBXFileReference; lastKnownFileType = sourcecode.swift; path = TopicViewFactory.swift; sourceTree = "<group>"; };
		823DCC062AB33F3700C03EBA /* TopicView.swift */ = {isa = PBXFileReference; lastKnownFileType = sourcecode.swift; path = TopicView.swift; sourceTree = "<group>"; };
		823DCC082AB33F4700C03EBA /* Topic.swift */ = {isa = PBXFileReference; lastKnownFileType = sourcecode.swift; path = Topic.swift; sourceTree = "<group>"; };
		823DCC0B2AB3413200C03EBA /* AppDelegate.swift */ = {isa = PBXFileReference; lastKnownFileType = sourcecode.swift; path = AppDelegate.swift; sourceTree = "<group>"; };
		823DCC0D2AB3414800C03EBA /* SceneDelegate.swift */ = {isa = PBXFileReference; lastKnownFileType = sourcecode.swift; path = SceneDelegate.swift; sourceTree = "<group>"; };
		823DCC102AB3842700C03EBA /* RouterType.swift */ = {isa = PBXFileReference; lastKnownFileType = sourcecode.swift; path = RouterType.swift; sourceTree = "<group>"; };
		823DCC122AB3844000C03EBA /* TabBarRouter.swift */ = {isa = PBXFileReference; lastKnownFileType = sourcecode.swift; path = TabBarRouter.swift; sourceTree = "<group>"; };
		823DCC182AB3891A00C03EBA /* CoordinatorType.swift */ = {isa = PBXFileReference; lastKnownFileType = sourcecode.swift; path = CoordinatorType.swift; sourceTree = "<group>"; };
		823DCC1A2AB3893700C03EBA /* AppCoordinator.swift */ = {isa = PBXFileReference; lastKnownFileType = sourcecode.swift; path = AppCoordinator.swift; sourceTree = "<group>"; };
		823DCC1C2AB389E100C03EBA /* TabBarViewFactoryType.swift */ = {isa = PBXFileReference; lastKnownFileType = sourcecode.swift; path = TabBarViewFactoryType.swift; sourceTree = "<group>"; };
		823DCC1F2AB3906C00C03EBA /* CoordinatorManager.swift */ = {isa = PBXFileReference; lastKnownFileType = sourcecode.swift; path = CoordinatorManager.swift; sourceTree = "<group>"; };
/* End PBXFileReference section */

/* Begin PBXFrameworksBuildPhase section */
		823DCBE52AB331F600C03EBA /* Frameworks */ = {
			isa = PBXFrameworksBuildPhase;
			buildActionMask = 2147483647;
			files = (
			);
			runOnlyForDeploymentPostprocessing = 0;
		};
/* End PBXFrameworksBuildPhase section */

/* Begin PBXGroup section */
		823DCBDF2AB331F600C03EBA = {
			isa = PBXGroup;
			children = (
				823DCBEA2AB331F700C03EBA /* SwiftUIThingsILike */,
				823DCBE92AB331F700C03EBA /* Products */,
			);
			sourceTree = "<group>";
		};
		823DCBE92AB331F700C03EBA /* Products */ = {
			isa = PBXGroup;
			children = (
				823DCBE82AB331F700C03EBA /* SwiftUIThingsILike.app */,
			);
			name = Products;
			sourceTree = "<group>";
		};
		823DCBEA2AB331F700C03EBA /* SwiftUIThingsILike */ = {
			isa = PBXGroup;
			children = (
				823DCC0A2AB3412600C03EBA /* Application */,
				823DCBF92AB3321500C03EBA /* Sources */,
				823DCBEB2AB331F700C03EBA /* SwiftUIThingsILikeApp.swift */,
				823DCBEF2AB331F700C03EBA /* Assets.xcassets */,
				823DCBF12AB331F700C03EBA /* Preview Content */,
			);
			path = SwiftUIThingsILike;
			sourceTree = "<group>";
		};
		823DCBF12AB331F700C03EBA /* Preview Content */ = {
			isa = PBXGroup;
			children = (
				823DCBF22AB331F700C03EBA /* Preview Assets.xcassets */,
			);
			path = "Preview Content";
			sourceTree = "<group>";
		};
		823DCBF92AB3321500C03EBA /* Sources */ = {
			isa = PBXGroup;
			children = (
				823DCC1E2AB38D6000C03EBA /* Coordinators */,
				823DCC0F2AB3840F00C03EBA /* Router */,
				823DCC032AB33F1100C03EBA /* Topic */,
				823DCBFA2AB337CD00C03EBA /* TabBar */,
			);
			path = Sources;
			sourceTree = "<group>";
		};
		823DCBFA2AB337CD00C03EBA /* TabBar */ = {
			isa = PBXGroup;
			children = (
				823DCBFD2AB33B4D00C03EBA /* TabBarCoordinatorType.swift */,
				823DCBFB2AB337F300C03EBA /* TabBarCoordinator.swift */,
				823DCC1C2AB389E100C03EBA /* TabBarViewFactoryType.swift */,
				823DCC122AB3844000C03EBA /* TabBarRouter.swift */,
				823DCBFF2AB33C6800C03EBA /* TabBarViewFactory.swift */,
			);
			path = TabBar;
			sourceTree = "<group>";
		};
		823DCC032AB33F1100C03EBA /* Topic */ = {
			isa = PBXGroup;
			children = (
				823DCC042AB33F2000C03EBA /* TopicViewFactory.swift */,
				823DCC062AB33F3700C03EBA /* TopicView.swift */,
				823DCC082AB33F4700C03EBA /* Topic.swift */,
			);
			path = Topic;
			sourceTree = "<group>";
		};
		823DCC0A2AB3412600C03EBA /* Application */ = {
			isa = PBXGroup;
			children = (
				823DCC0B2AB3413200C03EBA /* AppDelegate.swift */,
				823DCC0D2AB3414800C03EBA /* SceneDelegate.swift */,
			);
			path = Application;
			sourceTree = "<group>";
		};
		823DCC0F2AB3840F00C03EBA /* Router */ = {
			isa = PBXGroup;
			children = (
				823DCC102AB3842700C03EBA /* RouterType.swift */,
			);
			path = Router;
			sourceTree = "<group>";
		};
		823DCC1E2AB38D6000C03EBA /* Coordinators */ = {
			isa = PBXGroup;
			children = (
				823DCC1A2AB3893700C03EBA /* AppCoordinator.swift */,
				823DCC182AB3891A00C03EBA /* CoordinatorType.swift */,
				823DCC1F2AB3906C00C03EBA /* CoordinatorManager.swift */,
			);
			path = Coordinators;
			sourceTree = "<group>";
		};
/* End PBXGroup section */

/* Begin PBXNativeTarget section */
		823DCBE72AB331F600C03EBA /* SwiftUIThingsILike */ = {
			isa = PBXNativeTarget;
			buildConfigurationList = 823DCBF62AB331F700C03EBA /* Build configuration list for PBXNativeTarget "SwiftUIThingsILike" */;
			buildPhases = (
				823DCBE42AB331F600C03EBA /* Sources */,
				823DCBE52AB331F600C03EBA /* Frameworks */,
				823DCBE62AB331F600C03EBA /* Resources */,
			);
			buildRules = (
			);
			dependencies = (
			);
			name = SwiftUIThingsILike;
			productName = SwiftUIThingsILike;
			productReference = 823DCBE82AB331F700C03EBA /* SwiftUIThingsILike.app */;
			productType = "com.apple.product-type.application";
		};
/* End PBXNativeTarget section */

/* Begin PBXProject section */
		823DCBE02AB331F600C03EBA /* Project object */ = {
			isa = PBXProject;
			attributes = {
				BuildIndependentTargetsInParallel = 1;
				LastSwiftUpdateCheck = 1430;
				LastUpgradeCheck = 1430;
				TargetAttributes = {
					823DCBE72AB331F600C03EBA = {
						CreatedOnToolsVersion = 14.3.1;
					};
				};
			};
			buildConfigurationList = 823DCBE32AB331F600C03EBA /* Build configuration list for PBXProject "SwiftUIThingsILike" */;
			compatibilityVersion = "Xcode 14.0";
			developmentRegion = en;
			hasScannedForEncodings = 0;
			knownRegions = (
				en,
				Base,
			);
			mainGroup = 823DCBDF2AB331F600C03EBA;
			productRefGroup = 823DCBE92AB331F700C03EBA /* Products */;
			projectDirPath = "";
			projectRoot = "";
			targets = (
				823DCBE72AB331F600C03EBA /* SwiftUIThingsILike */,
			);
		};
/* End PBXProject section */

/* Begin PBXResourcesBuildPhase section */
		823DCBE62AB331F600C03EBA /* Resources */ = {
			isa = PBXResourcesBuildPhase;
			buildActionMask = 2147483647;
			files = (
				823DCBF32AB331F700C03EBA /* Preview Assets.xcassets in Resources */,
				823DCBF02AB331F700C03EBA /* Assets.xcassets in Resources */,
			);
			runOnlyForDeploymentPostprocessing = 0;
		};
/* End PBXResourcesBuildPhase section */

/* Begin PBXSourcesBuildPhase section */
		823DCBE42AB331F600C03EBA /* Sources */ = {
			isa = PBXSourcesBuildPhase;
			buildActionMask = 2147483647;
			files = (
				823DCBFE2AB33B4D00C03EBA /* TabBarCoordinatorType.swift in Sources */,
				823DCC092AB33F4700C03EBA /* Topic.swift in Sources */,
				823DCC1B2AB3893700C03EBA /* AppCoordinator.swift in Sources */,
				823DCC192AB3891A00C03EBA /* CoordinatorType.swift in Sources */,
				823DCC112AB3842700C03EBA /* RouterType.swift in Sources */,
				823DCC002AB33C6800C03EBA /* TabBarViewFactory.swift in Sources */,
				823DCBEC2AB331F700C03EBA /* SwiftUIThingsILikeApp.swift in Sources */,
				823DCC072AB33F3700C03EBA /* TopicView.swift in Sources */,
				823DCC132AB3844000C03EBA /* TabBarRouter.swift in Sources */,
				823DCC1D2AB389E100C03EBA /* TabBarViewFactoryType.swift in Sources */,
				823DCC052AB33F2000C03EBA /* TopicViewFactory.swift in Sources */,
				823DCC0E2AB3414800C03EBA /* SceneDelegate.swift in Sources */,
				823DCC202AB3906C00C03EBA /* CoordinatorManager.swift in Sources */,
				823DCC0C2AB3413200C03EBA /* AppDelegate.swift in Sources */,
				823DCBFC2AB337F300C03EBA /* TabBarCoordinator.swift in Sources */,
			);
			runOnlyForDeploymentPostprocessing = 0;
		};
/* End PBXSourcesBuildPhase section */

/* Begin XCBuildConfiguration section */
		823DCBF42AB331F700C03EBA /* Debug */ = {
			isa = XCBuildConfiguration;
			buildSettings = {
				ALWAYS_SEARCH_USER_PATHS = NO;
				CLANG_ANALYZER_NONNULL = YES;
				CLANG_ANALYZER_NUMBER_OBJECT_CONVERSION = YES_AGGRESSIVE;
				CLANG_CXX_LANGUAGE_STANDARD = "gnu++20";
				CLANG_ENABLE_MODULES = YES;
				CLANG_ENABLE_OBJC_ARC = YES;
				CLANG_ENABLE_OBJC_WEAK = YES;
				CLANG_WARN_BLOCK_CAPTURE_AUTORELEASING = YES;
				CLANG_WARN_BOOL_CONVERSION = YES;
				CLANG_WARN_COMMA = YES;
				CLANG_WARN_CONSTANT_CONVERSION = YES;
				CLANG_WARN_DEPRECATED_OBJC_IMPLEMENTATIONS = YES;
				CLANG_WARN_DIRECT_OBJC_ISA_USAGE = YES_ERROR;
				CLANG_WARN_DOCUMENTATION_COMMENTS = YES;
				CLANG_WARN_EMPTY_BODY = YES;
				CLANG_WARN_ENUM_CONVERSION = YES;
				CLANG_WARN_INFINITE_RECURSION = YES;
				CLANG_WARN_INT_CONVERSION = YES;
				CLANG_WARN_NON_LITERAL_NULL_CONVERSION = YES;
				CLANG_WARN_OBJC_IMPLICIT_RETAIN_SELF = YES;
				CLANG_WARN_OBJC_LITERAL_CONVERSION = YES;
				CLANG_WARN_OBJC_ROOT_CLASS = YES_ERROR;
				CLANG_WARN_QUOTED_INCLUDE_IN_FRAMEWORK_HEADER = YES;
				CLANG_WARN_RANGE_LOOP_ANALYSIS = YES;
				CLANG_WARN_STRICT_PROTOTYPES = YES;
				CLANG_WARN_SUSPICIOUS_MOVE = YES;
				CLANG_WARN_UNGUARDED_AVAILABILITY = YES_AGGRESSIVE;
				CLANG_WARN_UNREACHABLE_CODE = YES;
				CLANG_WARN__DUPLICATE_METHOD_MATCH = YES;
				COPY_PHASE_STRIP = NO;
				DEBUG_INFORMATION_FORMAT = dwarf;
				ENABLE_STRICT_OBJC_MSGSEND = YES;
				ENABLE_TESTABILITY = YES;
				GCC_C_LANGUAGE_STANDARD = gnu11;
				GCC_DYNAMIC_NO_PIC = NO;
				GCC_NO_COMMON_BLOCKS = YES;
				GCC_OPTIMIZATION_LEVEL = 0;
				GCC_PREPROCESSOR_DEFINITIONS = (
					"DEBUG=1",
					"$(inherited)",
				);
				GCC_WARN_64_TO_32_BIT_CONVERSION = YES;
				GCC_WARN_ABOUT_RETURN_TYPE = YES_ERROR;
				GCC_WARN_UNDECLARED_SELECTOR = YES;
				GCC_WARN_UNINITIALIZED_AUTOS = YES_AGGRESSIVE;
				GCC_WARN_UNUSED_FUNCTION = YES;
				GCC_WARN_UNUSED_VARIABLE = YES;
				IPHONEOS_DEPLOYMENT_TARGET = 16.4;
				MTL_ENABLE_DEBUG_INFO = INCLUDE_SOURCE;
				MTL_FAST_MATH = YES;
				ONLY_ACTIVE_ARCH = YES;
				SDKROOT = iphoneos;
				SWIFT_ACTIVE_COMPILATION_CONDITIONS = DEBUG;
				SWIFT_OPTIMIZATION_LEVEL = "-Onone";
			};
			name = Debug;
		};
		823DCBF52AB331F700C03EBA /* Release */ = {
			isa = XCBuildConfiguration;
			buildSettings = {
				ALWAYS_SEARCH_USER_PATHS = NO;
				CLANG_ANALYZER_NONNULL = YES;
				CLANG_ANALYZER_NUMBER_OBJECT_CONVERSION = YES_AGGRESSIVE;
				CLANG_CXX_LANGUAGE_STANDARD = "gnu++20";
				CLANG_ENABLE_MODULES = YES;
				CLANG_ENABLE_OBJC_ARC = YES;
				CLANG_ENABLE_OBJC_WEAK = YES;
				CLANG_WARN_BLOCK_CAPTURE_AUTORELEASING = YES;
				CLANG_WARN_BOOL_CONVERSION = YES;
				CLANG_WARN_COMMA = YES;
				CLANG_WARN_CONSTANT_CONVERSION = YES;
				CLANG_WARN_DEPRECATED_OBJC_IMPLEMENTATIONS = YES;
				CLANG_WARN_DIRECT_OBJC_ISA_USAGE = YES_ERROR;
				CLANG_WARN_DOCUMENTATION_COMMENTS = YES;
				CLANG_WARN_EMPTY_BODY = YES;
				CLANG_WARN_ENUM_CONVERSION = YES;
				CLANG_WARN_INFINITE_RECURSION = YES;
				CLANG_WARN_INT_CONVERSION = YES;
				CLANG_WARN_NON_LITERAL_NULL_CONVERSION = YES;
				CLANG_WARN_OBJC_IMPLICIT_RETAIN_SELF = YES;
				CLANG_WARN_OBJC_LITERAL_CONVERSION = YES;
				CLANG_WARN_OBJC_ROOT_CLASS = YES_ERROR;
				CLANG_WARN_QUOTED_INCLUDE_IN_FRAMEWORK_HEADER = YES;
				CLANG_WARN_RANGE_LOOP_ANALYSIS = YES;
				CLANG_WARN_STRICT_PROTOTYPES = YES;
				CLANG_WARN_SUSPICIOUS_MOVE = YES;
				CLANG_WARN_UNGUARDED_AVAILABILITY = YES_AGGRESSIVE;
				CLANG_WARN_UNREACHABLE_CODE = YES;
				CLANG_WARN__DUPLICATE_METHOD_MATCH = YES;
				COPY_PHASE_STRIP = NO;
				DEBUG_INFORMATION_FORMAT = "dwarf-with-dsym";
				ENABLE_NS_ASSERTIONS = NO;
				ENABLE_STRICT_OBJC_MSGSEND = YES;
				GCC_C_LANGUAGE_STANDARD = gnu11;
				GCC_NO_COMMON_BLOCKS = YES;
				GCC_WARN_64_TO_32_BIT_CONVERSION = YES;
				GCC_WARN_ABOUT_RETURN_TYPE = YES_ERROR;
				GCC_WARN_UNDECLARED_SELECTOR = YES;
				GCC_WARN_UNINITIALIZED_AUTOS = YES_AGGRESSIVE;
				GCC_WARN_UNUSED_FUNCTION = YES;
				GCC_WARN_UNUSED_VARIABLE = YES;
				IPHONEOS_DEPLOYMENT_TARGET = 16.4;
				MTL_ENABLE_DEBUG_INFO = NO;
				MTL_FAST_MATH = YES;
				SDKROOT = iphoneos;
				SWIFT_COMPILATION_MODE = wholemodule;
				SWIFT_OPTIMIZATION_LEVEL = "-O";
				VALIDATE_PRODUCT = YES;
			};
			name = Release;
		};
		823DCBF72AB331F700C03EBA /* Debug */ = {
			isa = XCBuildConfiguration;
			buildSettings = {
				ASSETCATALOG_COMPILER_APPICON_NAME = AppIcon;
				ASSETCATALOG_COMPILER_GLOBAL_ACCENT_COLOR_NAME = AccentColor;
				CODE_SIGN_STYLE = Automatic;
				CURRENT_PROJECT_VERSION = 1;
				DEVELOPMENT_ASSET_PATHS = "\"SwiftUIThingsILike/Preview Content\"";
				DEVELOPMENT_TEAM = UMQAGMF379;
				ENABLE_PREVIEWS = YES;
				GENERATE_INFOPLIST_FILE = YES;
				INFOPLIST_KEY_UIApplicationSceneManifest_Generation = YES;
				INFOPLIST_KEY_UIApplicationSupportsIndirectInputEvents = YES;
				INFOPLIST_KEY_UILaunchScreen_Generation = YES;
				INFOPLIST_KEY_UISupportedInterfaceOrientations_iPad = "UIInterfaceOrientationPortrait UIInterfaceOrientationPortraitUpsideDown UIInterfaceOrientationLandscapeLeft UIInterfaceOrientationLandscapeRight";
				INFOPLIST_KEY_UISupportedInterfaceOrientations_iPhone = "UIInterfaceOrientationPortrait UIInterfaceOrientationLandscapeLeft UIInterfaceOrientationLandscapeRight";
				LD_RUNPATH_SEARCH_PATHS = (
					"$(inherited)",
					"@executable_path/Frameworks",
				);
				MARKETING_VERSION = 1.0;
				PRODUCT_BUNDLE_IDENTIFIER = com.IssapTechnologies.SwiftUIThingsILike;
				PRODUCT_NAME = "$(TARGET_NAME)";
				SWIFT_EMIT_LOC_STRINGS = YES;
				SWIFT_VERSION = 5.0;
				TARGETED_DEVICE_FAMILY = "1,2";
			};
			name = Debug;
		};
		823DCBF82AB331F700C03EBA /* Release */ = {
			isa = XCBuildConfiguration;
			buildSettings = {
				ASSETCATALOG_COMPILER_APPICON_NAME = AppIcon;
				ASSETCATALOG_COMPILER_GLOBAL_ACCENT_COLOR_NAME = AccentColor;
				CODE_SIGN_STYLE = Automatic;
				CURRENT_PROJECT_VERSION = 1;
				DEVELOPMENT_ASSET_PATHS = "\"SwiftUIThingsILike/Preview Content\"";
				DEVELOPMENT_TEAM = UMQAGMF379;
				ENABLE_PREVIEWS = YES;
				GENERATE_INFOPLIST_FILE = YES;
				INFOPLIST_KEY_UIApplicationSceneManifest_Generation = YES;
				INFOPLIST_KEY_UIApplicationSupportsIndirectInputEvents = YES;
				INFOPLIST_KEY_UILaunchScreen_Generation = YES;
				INFOPLIST_KEY_UISupportedInterfaceOrientations_iPad = "UIInterfaceOrientationPortrait UIInterfaceOrientationPortraitUpsideDown UIInterfaceOrientationLandscapeLeft UIInterfaceOrientationLandscapeRight";
				INFOPLIST_KEY_UISupportedInterfaceOrientations_iPhone = "UIInterfaceOrientationPortrait UIInterfaceOrientationLandscapeLeft UIInterfaceOrientationLandscapeRight";
				LD_RUNPATH_SEARCH_PATHS = (
					"$(inherited)",
					"@executable_path/Frameworks",
				);
				MARKETING_VERSION = 1.0;
				PRODUCT_BUNDLE_IDENTIFIER = com.IssapTechnologies.SwiftUIThingsILike;
				PRODUCT_NAME = "$(TARGET_NAME)";
				SWIFT_EMIT_LOC_STRINGS = YES;
				SWIFT_VERSION = 5.0;
				TARGETED_DEVICE_FAMILY = "1,2";
			};
			name = Release;
		};
/* End XCBuildConfiguration section */

/* Begin XCConfigurationList section */
		823DCBE32AB331F600C03EBA /* Build configuration list for PBXProject "SwiftUIThingsILike" */ = {
			isa = XCConfigurationList;
			buildConfigurations = (
				823DCBF42AB331F700C03EBA /* Debug */,
				823DCBF52AB331F700C03EBA /* Release */,
			);
			defaultConfigurationIsVisible = 0;
			defaultConfigurationName = Release;
		};
		823DCBF62AB331F700C03EBA /* Build configuration list for PBXNativeTarget "SwiftUIThingsILike" */ = {
			isa = XCConfigurationList;
			buildConfigurations = (
				823DCBF72AB331F700C03EBA /* Debug */,
				823DCBF82AB331F700C03EBA /* Release */,
			);
			defaultConfigurationIsVisible = 0;
			defaultConfigurationName = Release;
		};
/* End XCConfigurationList section */
	};
	rootObject = 823DCBE02AB331F600C03EBA /* Project object */;
}
